{
  "name": "lsp-tsrx-language-server",
  "version": "1.0.0",
  "lockfileVersion": 3,
  "requires": true,
  "packages": {
    "": {
      "name": "lsp-tsrx-language-server",
      "version": "1.0.0",
      "dependencies": {
        "@tsrx/language-server": "0.6.2"
      }
    },
    "node_modules/@jridgewell/sourcemap-codec": {
      "version": "1.6.0",
      "resolved": "https://registry.npmjs.org/@jridgewell/sourcemap-codec/-/sourcemap-codec-1.6.0.tgz",
      "integrity": "sha512-T7jf+5zgsZHwNJ4lvQ7/aezbyk0nNX+zJVWpmHA7VYsEx7a7qr5Rg5IbtJFqkgze5Y2sruq1RUY8Q837Od7iFw==",
      "license": "MIT"
    },
    "node_modules/@noble/hashes": {
      "version": "2.4.0",
      "resolved": "https://registry.npmjs.org/@noble/hashes/-/hashes-2.4.0.tgz",
      "integrity": "sha512-X5XaVWZIBCT7HHZGm5I7ZQXDwLG+bGXuSrMQAW+7Zvl87h1kmc1ZB1VSRJcpUfoUrGQp4Fkoxm5kZ+Ms+aW+eA==",
      "license": "MIT",
      "engines": {
        "node": ">= 20.19.0"
      },
      "funding": {
        "url": "https://paulmillr.com/funding/"
      }
    },
    "node_modules/@sveltejs/acorn-typescript": {
      "version": "1.0.13",
      "resolved": "https://registry.npmjs.org/@sveltejs/acorn-typescript/-/acorn-typescript-1.0.13.tgz",
      "integrity": "sha512-wgKggnhZVL9Bfx1OaKKTrYY9BFRk6C8UAkQNUcIv1+llzYrIqy+RZm5HPKzn0NpEBvTVhTqB4kQyllZywsRBRQ==",
      "license": "MIT",
      "peerDependencies": {
        "acorn": "^8.9.0"
      }
    },
    "node_modules/@tsrx/core": {
      "version": "0.5.4",
      "resolved": "https://registry.npmjs.org/@tsrx/core/-/core-0.5.4.tgz",
      "integrity": "sha512-urwVCk2f4AvosEGPqCRySo3V6djh8P7sgaI/CjlFRBYUyXyWB3OOXvw/BMJQnUf0fBgML03prDG22IffabB1bQ==",
      "license": "MIT",
      "dependencies": {
        "@jridgewell/sourcemap-codec": "^1.5.5",
        "@noble/hashes": "^2.2.0",
        "@sveltejs/acorn-typescript": "^1.0.13",
        "@tsrx/runtime": "0.2.4",
        "@types/estree": "^1.0.8",
        "@types/estree-jsx": "^1.0.5",
        "acorn": "^8.18.0",
        "esrap": "^2.3.2",
        "get-tsconfig": "5.0.0-beta.6",
        "magic-string": "^0.30.18",
        "zimmerframe": "^1.1.2"
      }
    },
    "node_modules/@tsrx/language-server": {
      "version": "0.6.2",
      "resolved": "https://registry.npmjs.org/@tsrx/language-server/-/language-server-0.6.2.tgz",
      "integrity": "sha512-NJd+fKOsBCHpCuEu2VsTyNmNRBVRuPrE7PYJc163I4HC6ityEeatvCqo6pbQWhEQmuQoYP3JA/APG48itSeHzw==",
      "license": "MIT",
      "dependencies": {
        "@tsrx/core": "0.5.4",
        "@tsrx/typescript-plugin": "0.6.2",
        "@volar/language-server": "~2.4.28",
        "jsonc-parser": "^3.3.1",
        "volar-service-css": "0.0.70",
        "volar-service-typescript": "0.0.70",
        "vscode-languageserver-textdocument": "^1.0.12",
        "vscode-uri": "^3.1.0"
      },
      "bin": {
        "tsrx-language-server": "dist/language-server.js"
      },
      "engines": {
        "node": ">=22.0.0"
      },
      "peerDependencies": {
        "typescript": "^5.9.3 || ^6.0.0 || ^7.1.0-dev.20260923.1"
      },
      "peerDependenciesMeta": {
        "typescript": {
          "optional": true
        }
      }
    },
    "node_modules/@tsrx/runtime": {
      "version": "0.2.4",
      "resolved": "https://registry.npmjs.org/@tsrx/runtime/-/runtime-0.2.4.tgz",
      "integrity": "sha512-rLwKYml/Qbb1D9LtB+NE5bcJDs/SowSKaL+lMR0m6Mr61lKZNuK43IFK+jxFmLvRlG+7ico1kOszMyhA5rObNA==",
      "license": "MIT"
    },
    "node_modules/@tsrx/typescript-plugin": {
      "version": "0.6.2",
      "resolved": "https://registry.npmjs.org/@tsrx/typescript-plugin/-/typescript-plugin-0.6.2.tgz",
      "integrity": "sha512-9t+QN1eAfKs6nXPq8FjUh+891jBSgdCaW4h9yjMV54tU2N80An/yOZijW56kafmgrZeXtKf9DJVlU0/CQAfmbQ==",
      "license": "MIT",
      "dependencies": {
        "@volar/language-core": "~2.4.28",
        "@volar/typescript": "~2.4.28",
        "jsonc-parser": "^3.3.1",
        "resolve-pkg-maps": "^1.0.0"
      },
      "bin": {
        "tsrx-tsc": "dist/tsc.js"
      },
      "peerDependencies": {
        "@tsrx/content-mapper": "0.1.2",
        "@tsrx/preact": "0.3.4",
        "@tsrx/react": "0.4.4",
        "@tsrx/ripple": "^0.2.0",
        "@tsrx/solid": "0.3.4",
        "@tsrx/vue": "0.3.4",
        "octane": "*",
        "typescript": "^5.9.3 || ^6.0.0 || ^7.1.0-dev.20260923.1"
      },
      "peerDependenciesMeta": {
        "@tsrx/content-mapper": {
          "optional": true
        },
        "@tsrx/preact": {
          "optional": true
        },
        "@tsrx/react": {
          "optional": true
        },
        "@tsrx/ripple": {
          "optional": true
        },
        "@tsrx/solid": {
          "optional": true
        },
        "@tsrx/vue": {
          "optional": true
        },
        "octane": {
          "optional": true
        },
        "typescript": {
          "optional": true
        }
      }
    },
    "node_modules/@types/estree": {
      "version": "1.0.9",
      "resolved": "https://registry.npmjs.org/@types/estree/-/estree-1.0.9.tgz",
      "integrity": "sha512-GhdPgy1el4/ImP05X05Uw4cw2/M93BCUmnEvWZNStlCzEKME4Fkk+YpoA5OiHNQmoS7Cafb8Xa3Pya8m1Qrzeg==",
      "license": "MIT"
    },
    "node_modules/@types/estree-jsx": {
      "version": "1.0.5",
      "resolved": "https://registry.npmjs.org/@types/estree-jsx/-/estree-jsx-1.0.5.tgz",
      "integrity": "sha512-52CcUVNFyfb1A2ALocQw/Dd1BQFNmSdkuC3BkZ6iqhdMfQz7JWOFRuJFloOzjk+6WijU56m9oKXFAXc7o3Towg==",
      "license": "MIT",
      "dependencies": {
        "@types/estree": "*"
      }
    },
    "node_modules/@volar/language-core": {
      "version": "2.4.28",
      "resolved": "https://registry.npmjs.org/@volar/language-core/-/language-core-2.4.28.tgz",
      "integrity": "sha512-w4qhIJ8ZSitgLAkVay6AbcnC7gP3glYM3fYwKV3srj8m494E3xtrCv6E+bWviiK/8hs6e6t1ij1s2Endql7vzQ==",
      "license": "MIT",
      "dependencies": {
        "@volar/source-map": "2.4.28"
      }
    },
    "node_modules/@volar/language-server": {
      "version": "2.4.28",
      "resolved": "https://registry.npmjs.org/@volar/language-server/-/language-server-2.4.28.tgz",
      "integrity": "sha512-NqcLnE5gERKuS4PUFwlhMxf6vqYo7hXtbMFbViXcbVkbZ905AIVWhnSo0ZNBC2V127H1/2zP7RvVOVnyITFfBw==",
      "license": "MIT",
      "dependencies": {
        "@volar/language-core": "2.4.28",
        "@volar/language-service": "2.4.28",
        "@volar/typescript": "2.4.28",
        "path-browserify": "^1.0.1",
        "request-light": "^0.7.0",
        "vscode-languageserver": "^9.0.1",
        "vscode-languageserver-protocol": "^3.17.5",
        "vscode-languageserver-textdocument": "^1.0.11",
        "vscode-uri": "^3.0.8"
      }
    },
    "node_modules/@volar/language-service": {
      "version": "2.4.28",
      "resolved": "https://registry.npmjs.org/@volar/language-service/-/language-service-2.4.28.tgz",
      "integrity": "sha512-Rh/wYCZJrI5vCwMk9xyw/Z+MsWxlJY1rmMZPsxUoJKfzIRjS/NF1NmnuEcrMbEVGja00aVpCsInJfixQTMdvLw==",
      "license": "MIT",
      "dependencies": {
        "@volar/language-core": "2.4.28",
        "vscode-languageserver-protocol": "^3.17.5",
        "vscode-languageserver-textdocument": "^1.0.11",
        "vscode-uri": "^3.0.8"
      }
    },
    "node_modules/@volar/source-map": {
      "version": "2.4.28",
      "resolved": "https://registry.npmjs.org/@volar/source-map/-/source-map-2.4.28.tgz",
      "integrity": "sha512-yX2BDBqJkRXfKw8my8VarTyjv48QwxdJtvRgUpNE5erCsgEUdI2DsLbpa+rOQVAJYshY99szEcRDmyHbF10ggQ==",
      "license": "MIT"
    },
    "node_modules/@volar/typescript": {
      "version": "2.4.28",
      "resolved": "https://registry.npmjs.org/@volar/typescript/-/typescript-2.4.28.tgz",
      "integrity": "sha512-Ja6yvWrbis2QtN4ClAKreeUZPVYMARDYZl9LMEv1iQ1QdepB6wn0jTRxA9MftYmYa4DQ4k/DaSZpFPUfxl8giw==",
      "license": "MIT",
      "dependencies": {
        "@volar/language-core": "2.4.28",
        "path-browserify": "^1.0.1",
        "vscode-uri": "^3.0.8"
      }
    },
    "node_modules/@vscode/l10n": {
      "version": "0.0.18",
      "resolved": "https://registry.npmjs.org/@vscode/l10n/-/l10n-0.0.18.tgz",
      "integrity": "sha512-KYSIHVmslkaCDyw013pphY+d7x1qV8IZupYfeIfzNA+nsaWHbn5uPuQRvdRFsa9zFzGeudPuoGoZ1Op4jrJXIQ==",
      "license": "MIT"
    },
    "node_modules/acorn": {
      "version": "8.18.0",
      "resolved": "https://registry.npmjs.org/acorn/-/acorn-8.18.0.tgz",
      "integrity": "sha512-lGq+9yr1/GuAWaVYIHRjvvySG5/4VfKIvC8EWxStPdcDh/Ka7FG3twP6v4d5BkravUilhIAsG4Qj83t02LWUPQ==",
      "license": "MIT",
      "bin": {
        "acorn": "bin/acorn"
      },
      "engines": {
        "node": ">=0.4.0"
      }
    },
    "node_modules/esrap": {
      "version": "2.4.0",
      "resolved": "https://registry.npmjs.org/esrap/-/esrap-2.4.0.tgz",
      "integrity": "sha512-CQPcneEHw/czj32uwQC52nYnax8H4SXt25FCM+LIwGZ49cMIxpOj3bP8wmzcI+Z0HIy5KkClaPhRLfCySzwHPA==",
      "license": "MIT",
      "dependencies": {
        "@jridgewell/sourcemap-codec": "^1.4.15"
      },
      "peerDependencies": {
        "@typescript-eslint/types": "^8.2.0"
      },
      "peerDependenciesMeta": {
        "@typescript-eslint/types": {
          "optional": true
        }
      }
    },
    "node_modules/get-tsconfig": {
      "version": "5.0.0-beta.6",
      "resolved": "https://registry.npmjs.org/get-tsconfig/-/get-tsconfig-5.0.0-beta.6.tgz",
      "integrity": "sha512-X6fBC0pmImC70gvX2zm56go9hx0MyoGVdG0tUCkg/D+Xnh5TJsOZ7iDbOdI3PvmtrDxnu1YdDufpK2QJX1Meqw==",
      "license": "MIT",
      "dependencies": {
        "resolve-pkg-maps": "^1.0.0"
      },
      "engines": {
        "node": ">=20.20.0"
      },
      "funding": {
        "url": "https://github.com/privatenumber/get-tsconfig?sponsor=1"
      }
    },
    "node_modules/jsonc-parser": {
      "version": "3.3.1",
      "resolved": "https://registry.npmjs.org/jsonc-parser/-/jsonc-parser-3.3.1.tgz",
      "integrity": "sha512-HUgH65KyejrUFPvHFPbqOY0rsFip3Bo5wb4ngvdi1EpCYWUQDC5V+Y7mZws+DLkr4M//zQJoanu1SP+87Dv1oQ==",
      "license": "MIT"
    },
    "node_modules/magic-string": {
      "version": "0.30.21",
      "resolved": "https://registry.npmjs.org/magic-string/-/magic-string-0.30.21.tgz",
      "integrity": "sha512-vd2F4YUyEXKGcLHoq+TEyCjxueSeHnFxyyjNp80yg0XV4vUhnDer/lvvlqM/arB5bXQN5K2/3oinyCRyx8T2CQ==",
      "license": "MIT",
      "dependencies": {
        "@jridgewell/sourcemap-codec": "^1.5.5"
      }
    },
    "node_modules/path-browserify": {
      "version": "1.0.1",
      "resolved": "https://registry.npmjs.org/path-browserify/-/path-browserify-1.0.1.tgz",
      "integrity": "sha512-b7uo2UCUOYZcnF/3ID0lulOJi/bafxa1xPe7ZPsammBSpjSWQkjNxlt635YGS2MiR9GjvuXCtz2emr3jbsz98g==",
      "license": "MIT"
    },
    "node_modules/request-light": {
      "version": "0.7.0",
      "resolved": "https://registry.npmjs.org/request-light/-/request-light-0.7.0.tgz",
      "integrity": "sha512-lMbBMrDoxgsyO+yB3sDcrDuX85yYt7sS8BfQd11jtbW/z5ZWgLZRcEGLsLoYw7I0WSUGQBs8CC8ScIxkTX1+6Q==",
      "license": "MIT"
    },
    "node_modules/resolve-pkg-maps": {
      "version": "1.0.0",
      "resolved": "https://registry.npmjs.org/resolve-pkg-maps/-/resolve-pkg-maps-1.0.0.tgz",
      "integrity": "sha512-seS2Tj26TBVOC2NIc2rOe2y2ZO7efxITtLZcGSOnHHNOQ7CkiUBfw0Iw2ck6xkIhPwLhKNLS8BO+hEpngQlqzw==",
      "license": "MIT",
      "funding": {
        "url": "https://github.com/privatenumber/resolve-pkg-maps?sponsor=1"
      }
    },
    "node_modules/semver": {
      "version": "7.8.5",
      "resolved": "https://registry.npmjs.org/semver/-/semver-7.8.5.tgz",
      "integrity": "sha512-Y7/KDsb8LjooZpwaqGyulO6DQlksgCncchHGk+sZIY4SBvUocMBEFH5Ur1fI4dV+Jvl0w6cjvucaIi40puRioA==",
      "license": "ISC",
      "bin": {
        "semver": "bin/semver.js"
      },
      "engines": {
        "node": ">=10"
      }
    },
    "node_modules/typescript-auto-import-cache": {
      "version": "0.3.6",
      "resolved": "https://registry.npmjs.org/typescript-auto-import-cache/-/typescript-auto-import-cache-0.3.6.tgz",
      "integrity": "sha512-RpuHXrknHdVdK7wv/8ug3Fr0WNsNi5l5aB8MYYuXhq2UH5lnEB1htJ1smhtD5VeCsGr2p8mUDtd83LCQDFVgjQ==",
      "license": "MIT",
      "dependencies": {
        "semver": "^7.3.8"
      }
    },
    "node_modules/volar-service-css": {
      "version": "0.0.70",
      "resolved": "https://registry.npmjs.org/volar-service-css/-/volar-service-css-0.0.70.tgz",
      "integrity": "sha512-K1qyOvBpE3rzdAv3e4/6Rv5yizrYPy5R/ne3IWCAzLBuMO4qBMV3kSqWzj6KUVe6S0AnN6wxF7cRkiaKfYMYJw==",
      "license": "MIT",
      "dependencies": {
        "vscode-css-languageservice": "^6.3.0",
        "vscode-languageserver-textdocument": "^1.0.11",
        "vscode-uri": "^3.0.8"
      },
      "peerDependencies": {
        "@volar/language-service": "~2.4.0"
      },
      "peerDependenciesMeta": {
        "@volar/language-service": {
          "optional": true
        }
      }
    },
    "node_modules/volar-service-typescript": {
      "version": "0.0.70",
      "resolved": "https://registry.npmjs.org/volar-service-typescript/-/volar-service-typescript-0.0.70.tgz",
      "integrity": "sha512-l46Bx4cokkUedTd74ojO5H/zqHZJ8SUuyZ0IB8JN4jfRqUM3bQFBHoOwlZCyZmOeO0A3RQNkMnFclxO4c++gsg==",
      "license": "MIT",
      "dependencies": {
        "path-browserify": "^1.0.1",
        "semver": "^7.6.2",
        "typescript-auto-import-cache": "^0.3.5",
        "vscode-languageserver-textdocument": "^1.0.11",
        "vscode-nls": "^5.2.0",
        "vscode-uri": "^3.0.8"
      },
      "peerDependencies": {
        "@volar/language-service": "~2.4.0"
      },
      "peerDependenciesMeta": {
        "@volar/language-service": {
          "optional": true
        }
      }
    },
    "node_modules/vscode-css-languageservice": {
      "version": "6.3.10",
      "resolved": "https://registry.npmjs.org/vscode-css-languageservice/-/vscode-css-languageservice-6.3.10.tgz",
      "integrity": "sha512-eq5N9Er3fC4vA9zd9EFhyBG90wtCCuXgRSpAndaOgXMh1Wgep5lBgRIeDgjZBW9pa+332yC9+49cZMW8jcL3MA==",
      "license": "MIT",
      "dependencies": {
        "@vscode/l10n": "^0.0.18",
        "vscode-languageserver-textdocument": "^1.0.12",
        "vscode-languageserver-types": "3.17.5",
        "vscode-uri": "^3.1.0"
      }
    },
    "node_modules/vscode-jsonrpc": {
      "version": "9.0.1",
      "resolved": "https://registry.npmjs.org/vscode-jsonrpc/-/vscode-jsonrpc-9.0.1.tgz",
      "integrity": "sha512-rfuA6T75H6m5EkbhtEPzre9pT0HPcDI2MMy4+nPFIBks5J8JBAUHD4tRYSgaBOijIEC7SRkC1kKyXTLqbmh9jw==",
      "license": "MIT",
      "engines": {
        "node": ">=14.0.0"
      }
    },
    "node_modules/vscode-languageserver": {
      "version": "9.0.1",
      "resolved": "https://registry.npmjs.org/vscode-languageserver/-/vscode-languageserver-9.0.1.tgz",
      "integrity": "sha512-woByF3PDpkHFUreUa7Hos7+pUWdeWMXRd26+ZX2A8cFx6v/JPTtd4/uN0/jB6XQHYaOlHbio03NTHCqrgG5n7g==",
      "license": "MIT",
      "dependencies": {
        "vscode-languageserver-protocol": "3.17.5"
      },
      "bin": {
        "installServerIntoExtension": "bin/installServerIntoExtension"
      }
    },
    "node_modules/vscode-languageserver-protocol": {
      "version": "3.18.2",
      "resolved": "https://registry.npmjs.org/vscode-languageserver-protocol/-/vscode-languageserver-protocol-3.18.2.tgz",
      "integrity": "sha512-XRyDbT0Pp3sSNti3JmxVEUMySWCSi1hhM+/KUlCy1hV1zmrqpM1OwO12EAki8blhmLuIMpaJrYbo0OzGVfK2Qg==",
      "license": "MIT",
      "dependencies": {
        "vscode-jsonrpc": "9.0.1",
        "vscode-languageserver-types": "3.18.0"
      }
    },
    "node_modules/vscode-languageserver-protocol/node_modules/vscode-languageserver-types": {
      "version": "3.18.0",
      "resolved": "https://registry.npmjs.org/vscode-languageserver-types/-/vscode-languageserver-types-3.18.0.tgz",
      "integrity": "sha512-8TsGPNMIMiiBdkORgRSvLjuiEIiAFtO+KssmYWxQ+uSVvlf7RjK8YKCOjPzZ+YA04jXEV7+7LvkSmHkhpNS99g==",
      "license": "MIT"
    },
    "node_modules/vscode-languageserver-textdocument": {
      "version": "1.0.12",
      "resolved": "https://registry.npmjs.org/vscode-languageserver-textdocument/-/vscode-languageserver-textdocument-1.0.12.tgz",
      "integrity": "sha512-cxWNPesCnQCcMPeenjKKsOCKQZ/L6Tv19DTRIGuLWe32lyzWhihGVJ/rcckZXJxfdKCFvRLS3fpBIsV/ZGX4zA==",
      "license": "MIT"
    },
    "node_modules/vscode-languageserver-types": {
      "version": "3.17.5",
      "resolved": "https://registry.npmjs.org/vscode-languageserver-types/-/vscode-languageserver-types-3.17.5.tgz",
      "integrity": "sha512-Ld1VelNuX9pdF39h2Hgaeb5hEZM2Z3jUrrMgWQAu82jMtZp7p3vJT3BzToKtZI7NgQssZje5o0zryOrhQvzQAg==",
      "license": "MIT"
    },
    "node_modules/vscode-languageserver/node_modules/vscode-jsonrpc": {
      "version": "8.2.0",
      "resolved": "https://registry.npmjs.org/vscode-jsonrpc/-/vscode-jsonrpc-8.2.0.tgz",
      "integrity": "sha512-C+r0eKJUIfiDIfwJhria30+TYWPtuHJXHtI7J0YlOmKAo7ogxP20T0zxB7HZQIFhIyvoBPwWskjxrvAtfjyZfA==",
      "license": "MIT",
      "engines": {
        "node": ">=14.0.0"
      }
    },
    "node_modules/vscode-languageserver/node_modules/vscode-languageserver-protocol": {
      "version": "3.17.5",
      "resolved": "https://registry.npmjs.org/vscode-languageserver-protocol/-/vscode-languageserver-protocol-3.17.5.tgz",
      "integrity": "sha512-mb1bvRJN8SVznADSGWM9u/b07H7Ecg0I3OgXDuLdn307rl/J3A9YD6/eYOssqhecL27hK1IPZAsaqh00i/Jljg==",
      "license": "MIT",
      "dependencies": {
        "vscode-jsonrpc": "8.2.0",
        "vscode-languageserver-types": "3.17.5"
      }
    },
    "node_modules/vscode-nls": {
      "version": "5.2.0",
      "resolved": "https://registry.npmjs.org/vscode-nls/-/vscode-nls-5.2.0.tgz",
      "integrity": "sha512-RAaHx7B14ZU04EU31pT+rKz2/zSl7xMsfIZuo8pd+KZO6PXtQmpevpq3vxvWNcrGbdmhM/rr5Uw5Mz+NBfhVng==",
      "license": "MIT"
    },
    "node_modules/vscode-uri": {
      "version": "3.1.0",
      "resolved": "https://registry.npmjs.org/vscode-uri/-/vscode-uri-3.1.0.tgz",
      "integrity": "sha512-/BpdSx+yCQGnCvecbyXdxHDkuk55/G3xwnC0GqY4gmQ3j+A+g8kzzgB4Nk/SINjqn6+waqw3EgbVF2QKExkRxQ==",
      "license": "MIT"
    },
    "node_modules/zimmerframe": {
      "version": "1.1.5",
      "resolved": "https://registry.npmjs.org/zimmerframe/-/zimmerframe-1.1.5.tgz",
      "integrity": "sha512-msJxIvYDYcoNL+PJsu+7qmpDWsYmAxTY+2TNYXXF0hzBzBk0BMecOqDOG/EckUoKCuKwObfbugIl8QpqHDXeFA==",
      "license": "MIT"
    }
  }
}
